
Microsoft Visual Studio Solution File, Format Version 12.00
# Visual Studio 2012
Project("{FAE04EC0-301F-11D3-BF4B-00C04F79EFBC}") = "LibraryWebAPI", "LibraryWebAPI\LibraryWebAPI.csproj", "{AB79B80B-8B02-4BE6-8D8C-F88943710006}"
EndProject
Global
	GlobalSection(SolutionConfigurationPlatforms) = preSolution
		Debug|Any CPU = Debug|Any CPU
		Release|Any CPU = Release|Any CPU
	EndGlobalSection
	GlobalSection(ProjectConfigurationPlatforms) = postSolution
		{AB79B80B-8B02-4BE6-8D8C-F88943710006}.Debug|Any CPU.ActiveCfg = Debug|Any CPU
		{AB79B80B-8B02-4BE6-8D8C-F88943710006}.Debug|Any CPU.Build.0 = Debug|Any CPU
		{AB79B80B-8B02-4BE6-8D8C-F88943710006}.Release|Any CPU.ActiveCfg = Release|Any CPU
		{AB79B80B-8B02-4BE6-8D8C-F88943710006}.Release|Any CPU.Build.0 = Release|Any CPU
	EndGlobalSection
	GlobalSection(SolutionProperties) = preSolution
		HideSolutionNode = FALSE
	EndGlobalSection
EndGlobal
